// !$*UTF8*$!
{
	archiveVersion = 1;
	classes = {
	};
	objectVersion = 46;
	objects = {

/* Begin PBXBuildFile section */
		BF2096B71DFF58EF006EF21E /* MealPlanPresenterTest.swift in Sources */ = {isa = PBXBuildFile; fileRef = BF2096B51DFF58EF006EF21E /* MealPlanPresenterTest.swift */; };
		BF2096BA1DFF5A96006EF21E /* User.swift in Sources */ = {isa = PBXBuildFile; fileRef = BF2096B91DFF5A96006EF21E /* User.swift */; };
		BF2096BC1DFF653F006EF21E /* PersonalDetailsPresenter.swift in Sources */ = {isa = PBXBuildFile; fileRef = BF2096BB1DFF653F006EF21E /* PersonalDetailsPresenter.swift */; };
		BF2096BE1DFF65B4006EF21E /* CalorieDistributionPresenter.swift in Sources */ = {isa = PBXBuildFile; fileRef = BF2096BD1DFF65B4006EF21E /* CalorieDistributionPresenter.swift */; };
		BF2096C01DFF663D006EF21E /* PersonalDetailsPresenterTests.swift in Sources */ = {isa = PBXBuildFile; fileRef = BF2096BF1DFF663D006EF21E /* PersonalDetailsPresenterTests.swift */; };
		BF2096C21DFF66A3006EF21E /* CalorieDistributionPresenterTests.swift in Sources */ = {isa = PBXBuildFile; fileRef = BF2096C11DFF66A3006EF21E /* CalorieDistributionPresenterTests.swift */; };
		BF23FD9C1DFB80C9004A2C26 /* CalorieDistributionViewController.swift in Sources */ = {isa = PBXBuildFile; fileRef = BF23FD971DFB80C9004A2C26 /* CalorieDistributionViewController.swift */; };
		BF23FD9D1DFB80C9004A2C26 /* MealPlanViewController.swift in Sources */ = {isa = PBXBuildFile; fileRef = BF23FD991DFB80C9004A2C26 /* MealPlanViewController.swift */; };
		BF23FD9E1DFB80C9004A2C26 /* PersonalDetailsViewController.swift in Sources */ = {isa = PBXBuildFile; fileRef = BF23FD9B1DFB80C9004A2C26 /* PersonalDetailsViewController.swift */; };
		BF23FDA01DFB80EF004A2C26 /* MealPlanPresenter.swift in Sources */ = {isa = PBXBuildFile; fileRef = BF23FD9F1DFB80EF004A2C26 /* MealPlanPresenter.swift */; };
		BFE4646E1DFB3CDA00687A16 /* AppDelegate.swift in Sources */ = {isa = PBXBuildFile; fileRef = BFE4646D1DFB3CDA00687A16 /* AppDelegate.swift */; };
		BFE464731DFB3CDA00687A16 /* Main.storyboard in Resources */ = {isa = PBXBuildFile; fileRef = BFE464711DFB3CDA00687A16 /* Main.storyboard */; };
		BFE464751DFB3CDA00687A16 /* Assets.xcassets in Resources */ = {isa = PBXBuildFile; fileRef = BFE464741DFB3CDA00687A16 /* Assets.xcassets */; };
		BFE464781DFB3CDA00687A16 /* LaunchScreen.storyboard in Resources */ = {isa = PBXBuildFile; fileRef = BFE464761DFB3CDA00687A16 /* LaunchScreen.storyboard */; };
/* End PBXBuildFile section */

/* Begin PBXContainerItemProxy section */
		BFC3CFD61DFB8D5C001E2F6F /* PBXContainerItemProxy */ = {
			isa = PBXContainerItemProxy;
			containerPortal = BFE464621DFB3CD900687A16 /* Project object */;
			proxyType = 1;
			remoteGlobalIDString = BFE464691DFB3CD900687A16;
			remoteInfo = HuelCalculator;
		};
		BFE4647F1DFB3CDA00687A16 /* PBXContainerItemProxy */ = {
			isa = PBXContainerItemProxy;
			containerPortal = BFE464621DFB3CD900687A16 /* Project object */;
			proxyType = 1;
			remoteGlobalIDString = BFE464691DFB3CD900687A16;
			remoteInfo = HuelCalculator;
		};
/* End PBXContainerItemProxy section */

/* Begin PBXFileReference section */
		BF2096B51DFF58EF006EF21E /* MealPlanPresenterTest.swift */ = {isa = PBXFileReference; fileEncoding = 4; lastKnownFileType = sourcecode.swift; path = MealPlanPresenterTest.swift; sourceTree = "<group>"; };
		BF2096B91DFF5A96006EF21E /* User.swift */ = {isa = PBXFileReference; fileEncoding = 4; lastKnownFileType = sourcecode.swift; path = User.swift; sourceTree = "<group>"; };
		BF2096BB1DFF653F006EF21E /* PersonalDetailsPresenter.swift */ = {isa = PBXFileReference; fileEncoding = 4; lastKnownFileType = sourcecode.swift; path = PersonalDetailsPresenter.swift; sourceTree = "<group>"; };
		BF2096BD1DFF65B4006EF21E /* CalorieDistributionPresenter.swift */ = {isa = PBXFileReference; fileEncoding = 4; lastKnownFileType = sourcecode.swift; path = CalorieDistributionPresenter.swift; sourceTree = "<group>"; };
		BF2096BF1DFF663D006EF21E /* PersonalDetailsPresenterTests.swift */ = {isa = PBXFileReference; fileEncoding = 4; lastKnownFileType = sourcecode.swift; path = PersonalDetailsPresenterTests.swift; sourceTree = "<group>"; };
		BF2096C11DFF66A3006EF21E /* CalorieDistributionPresenterTests.swift */ = {isa = PBXFileReference; fileEncoding = 4; lastKnownFileType = sourcecode.swift; path = CalorieDistributionPresenterTests.swift; sourceTree = "<group>"; };
		BF23FD971DFB80C9004A2C26 /* CalorieDistributionViewController.swift */ = {isa = PBXFileReference; fileEncoding = 4; lastKnownFileType = sourcecode.swift; path = CalorieDistributionViewController.swift; sourceTree = "<group>"; };
		BF23FD991DFB80C9004A2C26 /* MealPlanViewController.swift */ = {isa = PBXFileReference; fileEncoding = 4; lastKnownFileType = sourcecode.swift; path = MealPlanViewController.swift; sourceTree = "<group>"; };
		BF23FD9B1DFB80C9004A2C26 /* PersonalDetailsViewController.swift */ = {isa = PBXFileReference; fileEncoding = 4; lastKnownFileType = sourcecode.swift; path = PersonalDetailsViewController.swift; sourceTree = "<group>"; };
		BF23FD9F1DFB80EF004A2C26 /* MealPlanPresenter.swift */ = {isa = PBXFileReference; fileEncoding = 4; lastKnownFileType = sourcecode.swift; path = MealPlanPresenter.swift; sourceTree = "<group>"; };
		BFC3CFD11DFB8D5C001E2F6F /* HuelCalculatorTests.xctest */ = {isa = PBXFileReference; explicitFileType = wrapper.cfbundle; includeInIndex = 0; path = HuelCalculatorTests.xctest; sourceTree = BUILT_PRODUCTS_DIR; };
		BFC3CFD51DFB8D5C001E2F6F /* Info.plist */ = {isa = PBXFileReference; lastKnownFileType = text.plist.xml; path = Info.plist; sourceTree = "<group>"; };
		BFE4646A1DFB3CDA00687A16 /* HuelCalculator.app */ = {isa = PBXFileReference; explicitFileType = wrapper.application; includeInIndex = 0; path = HuelCalculator.app; sourceTree = BUILT_PRODUCTS_DIR; };
		BFE4646D1DFB3CDA00687A16 /* AppDelegate.swift */ = {isa = PBXFileReference; lastKnownFileType = sourcecode.swift; path = AppDelegate.swift; sourceTree = "<group>"; };
		BFE464721DFB3CDA00687A16 /* Base */ = {isa = PBXFileReference; lastKnownFileType = file.storyboard; name = Base; path = Base.lproj/Main.storyboard; sourceTree = "<group>"; };
		BFE464741DFB3CDA00687A16 /* Assets.xcassets */ = {isa = PBXFileReference; lastKnownFileType = folder.assetcatalog; path = Assets.xcassets; sourceTree = "<group>"; };
		BFE464771DFB3CDA00687A16 /* Base */ = {isa = PBXFileReference; lastKnownFileType = file.storyboard; name = Base; path = Base.lproj/LaunchScreen.storyboard; sourceTree = "<group>"; };
		BFE464791DFB3CDA00687A16 /* Info.plist */ = {isa = PBXFileReference; lastKnownFileType = text.plist.xml; path = Info.plist; sourceTree = "<group>"; };
		BFE4647E1DFB3CDA00687A16 /* HuelCalculatorUITests.xctest */ = {isa = PBXFileReference; explicitFileType = wrapper.cfbundle; includeInIndex = 0; path = HuelCalculatorUITests.xctest; sourceTree = BUILT_PRODUCTS_DIR; };
/* End PBXFileReference section */

/* Begin PBXFrameworksBuildPhase section */
		BFC3CFCE1DFB8D5C001E2F6F /* Frameworks */ = {
			isa = PBXFrameworksBuildPhase;
			buildActionMask = 2147483647;
			files = (
			);
			runOnlyForDeploymentPostprocessing = 0;
		};
		BFE464671DFB3CD900687A16 /* Frameworks */ = {
			isa = PBXFrameworksBuildPhase;
			buildActionMask = 2147483647;
			files = (
			);
			runOnlyForDeploymentPostprocessing = 0;
		};
		BFE4647B1DFB3CDA00687A16 /* Frameworks */ = {
			isa = PBXFrameworksBuildPhase;
			buildActionMask = 2147483647;
			files = (
			);
			runOnlyForDeploymentPostprocessing = 0;
		};
/* End PBXFrameworksBuildPhase section */

/* Begin PBXGroup section */
		BF2096B21DFF58EF006EF21E /* UI */ = {
			isa = PBXGroup;
			children = (
				BF2096B61DFF58EF006EF21E /* PersonalDetails */,
				BF2096B31DFF58EF006EF21E /* CalorieDistribution */,
				BF2096B41DFF58EF006EF21E /* MealPlan */,
			);
			path = UI;
			sourceTree = "<group>";
		};
		BF2096B31DFF58EF006EF21E /* CalorieDistribution */ = {
			isa = PBXGroup;
			children = (
				BF2096C11DFF66A3006EF21E /* CalorieDistributionPresenterTests.swift */,
			);
			path = CalorieDistribution;
			sourceTree = "<group>";
		};
		BF2096B41DFF58EF006EF21E /* MealPlan */ = {
			isa = PBXGroup;
			children = (
				BF2096B51DFF58EF006EF21E /* MealPlanPresenterTest.swift */,
			);
			path = MealPlan;
			sourceTree = "<group>";
		};
		BF2096B61DFF58EF006EF21E /* PersonalDetails */ = {
			isa = PBXGroup;
			children = (
				BF2096BF1DFF663D006EF21E /* PersonalDetailsPresenterTests.swift */,
			);
			path = PersonalDetails;
			sourceTree = "<group>";
		};
		BF2096B81DFF5A7C006EF21E /* DataObjects */ = {
			isa = PBXGroup;
			children = (
				BF2096B91DFF5A96006EF21E /* User.swift */,
			);
			path = DataObjects;
			sourceTree = "<group>";
		};
		BF23FD8D1DFB75D0004A2C26 /* UI */ = {
			isa = PBXGroup;
			children = (
				BF23FD9A1DFB80C9004A2C26 /* PersonalDetail */,
				BF23FD961DFB80C9004A2C26 /* CalorieDistribution */,
				BF23FD981DFB80C9004A2C26 /* MealPlan */,
			);
			path = UI;
			sourceTree = "<group>";
		};
		BF23FD961DFB80C9004A2C26 /* CalorieDistribution */ = {
			isa = PBXGroup;
			children = (
				BF23FD971DFB80C9004A2C26 /* CalorieDistributionViewController.swift */,
				BF2096BD1DFF65B4006EF21E /* CalorieDistributionPresenter.swift */,
			);
			path = CalorieDistribution;
			sourceTree = "<group>";
		};
		BF23FD981DFB80C9004A2C26 /* MealPlan */ = {
			isa = PBXGroup;
			children = (
				BF23FD991DFB80C9004A2C26 /* MealPlanViewController.swift */,
				BF23FD9F1DFB80EF004A2C26 /* MealPlanPresenter.swift */,
			);
			path = MealPlan;
			sourceTree = "<group>";
		};
		BF23FD9A1DFB80C9004A2C26 /* PersonalDetail */ = {
			isa = PBXGroup;
			children = (
				BF23FD9B1DFB80C9004A2C26 /* PersonalDetailsViewController.swift */,
				BF2096BB1DFF653F006EF21E /* PersonalDetailsPresenter.swift */,
			);
			path = PersonalDetail;
			sourceTree = "<group>";
		};
		BFC3CFD21DFB8D5C001E2F6F /* HuelCalculatorTests */ = {
			isa = PBXGroup;
			children = (
				BF2096B21DFF58EF006EF21E /* UI */,
				BFC3CFD51DFB8D5C001E2F6F /* Info.plist */,
			);
			path = HuelCalculatorTests;
			sourceTree = "<group>";
		};
		BFE464611DFB3CD900687A16 = {
			isa = PBXGroup;
			children = (
				BFE4646C1DFB3CDA00687A16 /* HuelCalculator */,
				BFC3CFD21DFB8D5C001E2F6F /* HuelCalculatorTests */,
				BFE4646B1DFB3CDA00687A16 /* Products */,
			);
			sourceTree = "<group>";
		};
		BFE4646B1DFB3CDA00687A16 /* Products */ = {
			isa = PBXGroup;
			children = (
				BFE4646A1DFB3CDA00687A16 /* HuelCalculator.app */,
				BFE4647E1DFB3CDA00687A16 /* HuelCalculatorUITests.xctest */,
				BFC3CFD11DFB8D5C001E2F6F /* HuelCalculatorTests.xctest */,
			);
			name = Products;
			sourceTree = "<group>";
		};
		BFE4646C1DFB3CDA00687A16 /* HuelCalculator */ = {
			isa = PBXGroup;
			children = (
				BF23FD8D1DFB75D0004A2C26 /* UI */,
				BF2096B81DFF5A7C006EF21E /* DataObjects */,
				BFE4646D1DFB3CDA00687A16 /* AppDelegate.swift */,
				BFE464711DFB3CDA00687A16 /* Main.storyboard */,
				BFE464741DFB3CDA00687A16 /* Assets.xcassets */,
				BFE464761DFB3CDA00687A16 /* LaunchScreen.storyboard */,
				BFE464791DFB3CDA00687A16 /* Info.plist */,
			);
			path = HuelCalculator;
			sourceTree = "<group>";
		};
/* End PBXGroup section */

/* Begin PBXNativeTarget section */
		BFC3CFD01DFB8D5C001E2F6F /* HuelCalculatorTests */ = {
			isa = PBXNativeTarget;
			buildConfigurationList = BFC3CFD81DFB8D5C001E2F6F /* Build configuration list for PBXNativeTarget "HuelCalculatorTests" */;
			buildPhases = (
				BFC3CFCD1DFB8D5C001E2F6F /* Sources */,
				BFC3CFCE1DFB8D5C001E2F6F /* Frameworks */,
				BFC3CFCF1DFB8D5C001E2F6F /* Resources */,
			);
			buildRules = (
			);
			dependencies = (
				BFC3CFD71DFB8D5C001E2F6F /* PBXTargetDependency */,
			);
			name = HuelCalculatorTests;
			productName = HuelCalculatorTests;
			productReference = BFC3CFD11DFB8D5C001E2F6F /* HuelCalculatorTests.xctest */;
			productType = "com.apple.product-type.bundle.unit-test";
		};
		BFE464691DFB3CD900687A16 /* HuelCalculator */ = {
			isa = PBXNativeTarget;
			buildConfigurationList = BFE464871DFB3CDA00687A16 /* Build configuration list for PBXNativeTarget "HuelCalculator" */;
			buildPhases = (
				BFE464661DFB3CD900687A16 /* Sources */,
				BFE464671DFB3CD900687A16 /* Frameworks */,
				BFE464681DFB3CD900687A16 /* Resources */,
			);
			buildRules = (
			);
			dependencies = (
			);
			name = HuelCalculator;
			productName = HuelCalculator;
			productReference = BFE4646A1DFB3CDA00687A16 /* HuelCalculator.app */;
			productType = "com.apple.product-type.application";
		};
		BFE4647D1DFB3CDA00687A16 /* HuelCalculatorUITests */ = {
			isa = PBXNativeTarget;
			buildConfigurationList = BFE4648A1DFB3CDA00687A16 /* Build configuration list for PBXNativeTarget "HuelCalculatorUITests" */;
			buildPhases = (
				BFE4647A1DFB3CDA00687A16 /* Sources */,
				BFE4647B1DFB3CDA00687A16 /* Frameworks */,
				BFE4647C1DFB3CDA00687A16 /* Resources */,
			);
			buildRules = (
			);
			dependencies = (
				BFE464801DFB3CDA00687A16 /* PBXTargetDependency */,
			);
			name = HuelCalculatorUITests;
			productName = HuelCalculatorUITests;
			productReference = BFE4647E1DFB3CDA00687A16 /* HuelCalculatorUITests.xctest */;
			productType = "com.apple.product-type.bundle.ui-testing";
		};
/* End PBXNativeTarget section */

/* Begin PBXProject section */
		BFE464621DFB3CD900687A16 /* Project object */ = {
			isa = PBXProject;
			attributes = {
				LastSwiftUpdateCheck = 0810;
				LastUpgradeCheck = 0810;
				ORGANIZATIONNAME = "Linda CC Nordstrom";
				TargetAttributes = {
					BFC3CFD01DFB8D5C001E2F6F = {
						CreatedOnToolsVersion = 8.1;
						DevelopmentTeam = Y97Q299W29;
						LastSwiftMigration = 0810;
						ProvisioningStyle = Automatic;
						TestTargetID = BFE464691DFB3CD900687A16;
					};
					BFE464691DFB3CD900687A16 = {
						CreatedOnToolsVersion = 8.1;
						DevelopmentTeam = Y97Q299W29;
						ProvisioningStyle = Automatic;
					};
					BFE4647D1DFB3CDA00687A16 = {
						CreatedOnToolsVersion = 8.1;
						DevelopmentTeam = Y97Q299W29;
						ProvisioningStyle = Automatic;
						TestTargetID = BFE464691DFB3CD900687A16;
					};
				};
			};
			buildConfigurationList = BFE464651DFB3CD900687A16 /* Build configuration list for PBXProject "HuelCalculator" */;
			compatibilityVersion = "Xcode 3.2";
			developmentRegion = English;
			hasScannedForEncodings = 0;
			knownRegions = (
				en,
				Base,
			);
			mainGroup = BFE464611DFB3CD900687A16;
			productRefGroup = BFE4646B1DFB3CDA00687A16 /* Products */;
			projectDirPath = "";
			projectRoot = "";
			targets = (
				BFE464691DFB3CD900687A16 /* HuelCalculator */,
				BFE4647D1DFB3CDA00687A16 /* HuelCalculatorUITests */,
				BFC3CFD01DFB8D5C001E2F6F /* HuelCalculatorTests */,
			);
		};
/* End PBXProject section */

/* Begin PBXResourcesBuildPhase section */
		BFC3CFCF1DFB8D5C001E2F6F /* Resources */ = {
			isa = PBXResourcesBuildPhase;
			buildActionMask = 2147483647;
			files = (
			);
			runOnlyForDeploymentPostprocessing = 0;
		};
		BFE464681DFB3CD900687A16 /* Resources */ = {
			isa = PBXResourcesBuildPhase;
			buildActionMask = 2147483647;
			files = (
				BFE464781DFB3CDA00687A16 /* LaunchScreen.storyboard in Resources */,
				BFE464751DFB3CDA00687A16 /* Assets.xcassets in Resources */,
				BFE464731DFB3CDA00687A16 /* Main.storyboard in Resources */,
			);
			runOnlyForDeploymentPostprocessing = 0;
		};
		BFE4647C1DFB3CDA00687A16 /* Resources */ = {
			isa = PBXResourcesBuildPhase;
			buildActionMask = 2147483647;
			files = (
			);
			runOnlyForDeploymentPostprocessing = 0;
		};
/* End PBXResourcesBuildPhase section */

/* Begin PBXSourcesBuildPhase section */
		BFC3CFCD1DFB8D5C001E2F6F /* Sources */ = {
			isa = PBXSourcesBuildPhase;
			buildActionMask = 2147483647;
			files = (
				BF2096C21DFF66A3006EF21E /* CalorieDistributionPresenterTests.swift in Sources */,
				BF2096B71DFF58EF006EF21E /* MealPlanPresenterTest.swift in Sources */,
				BF2096C01DFF663D006EF21E /* PersonalDetailsPresenterTests.swift in Sources */,
			);
			runOnlyForDeploymentPostprocessing = 0;
		};
		BFE464661DFB3CD900687A16 /* Sources */ = {
			isa = PBXSourcesBuildPhase;
			buildActionMask = 2147483647;
			files = (
				BF23FD9C1DFB80C9004A2C26 /* CalorieDistributionViewController.swift in Sources */,
				BF23FD9D1DFB80C9004A2C26 /* MealPlanViewController.swift in Sources */,
				BF2096BE1DFF65B4006EF21E /* CalorieDistributionPresenter.swift in Sources */,
				BF2096BC1DFF653F006EF21E /* PersonalDetailsPresenter.swift in Sources */,
				BF2096BA1DFF5A96006EF21E /* User.swift in Sources */,
				BFE4646E1DFB3CDA00687A16 /* AppDelegate.swift in Sources */,
				BF23FDA01DFB80EF004A2C26 /* MealPlanPresenter.swift in Sources */,
				BF23FD9E1DFB80C9004A2C26 /* PersonalDetailsViewController.swift in Sources */,
			);
			runOnlyForDeploymentPostprocessing = 0;
		};
		BFE4647A1DFB3CDA00687A16 /* Sources */ = {
			isa = PBXSourcesBuildPhase;
			buildActionMask = 2147483647;
			files = (
			);
			runOnlyForDeploymentPostprocessing = 0;
		};
/* End PBXSourcesBuildPhase section */

/* Begin PBXTargetDependency section */
		BFC3CFD71DFB8D5C001E2F6F /* PBXTargetDependency */ = {
			isa = PBXTargetDependency;
			target = BFE464691DFB3CD900687A16 /* HuelCalculator */;
			targetProxy = BFC3CFD61DFB8D5C001E2F6F /* PBXContainerItemProxy */;
		};
		BFE464801DFB3CDA00687A16 /* PBXTargetDependency */ = {
			isa = PBXTargetDependency;
			target = BFE464691DFB3CD900687A16 /* HuelCalculator */;
			targetProxy = BFE4647F1DFB3CDA00687A16 /* PBXContainerItemProxy */;
		};
/* End PBXTargetDependency section */

/* Begin PBXVariantGroup section */
		BFE464711DFB3CDA00687A16 /* Main.storyboard */ = {
			isa = PBXVariantGroup;
			children = (
				BFE464721DFB3CDA00687A16 /* Base */,
			);
			name = Main.storyboard;
			sourceTree = "<group>";
		};
		BFE464761DFB3CDA00687A16 /* LaunchScreen.storyboard */ = {
			isa = PBXVariantGroup;
			children = (
				BFE464771DFB3CDA00687A16 /* Base */,
			);
			name = LaunchScreen.storyboard;
			sourceTree = "<group>";
		};
/* End PBXVariantGroup section */

/* Begin XCBuildConfiguration section */
		BFC3CFD91DFB8D5C001E2F6F /* Debug */ = {
			isa = XCBuildConfiguration;
			buildSettings = {
				BUNDLE_LOADER = "$(TEST_HOST)";
				CLANG_ENABLE_MODULES = YES;
				DEVELOPMENT_TEAM = Y97Q299W29;
				INFOPLIST_FILE = HuelCalculatorTests/Info.plist;
				LD_RUNPATH_SEARCH_PATHS = "$(inherited) @executable_path/Frameworks @loader_path/Frameworks";
				PRODUCT_BUNDLE_IDENTIFIER = com.lindaccnordstrom.HuelCalculatorTests;
				PRODUCT_NAME = "$(TARGET_NAME)";
				SWIFT_OPTIMIZATION_LEVEL = "-Onone";
				SWIFT_VERSION = 3.0;
				TEST_HOST = "$(BUILT_PRODUCTS_DIR)/HuelCalculator.app/HuelCalculator";
			};
			name = Debug;
		};
		BFC3CFDA1DFB8D5C001E2F6F /* Release */ = {
			isa = XCBuildConfiguration;
			buildSettings = {
				BUNDLE_LOADER = "$(TEST_HOST)";
				CLANG_ENABLE_MODULES = YES;
				DEVELOPMENT_TEAM = Y97Q299W29;
				INFOPLIST_FILE = HuelCalculatorTests/Info.plist;
				LD_RUNPATH_SEARCH_PATHS = "$(inherited) @executable_path/Frameworks @loader_path/Frameworks";
				PRODUCT_BUNDLE_IDENTIFIER = com.lindaccnordstrom.HuelCalculatorTests;
				PRODUCT_NAME = "$(TARGET_NAME)";
				SWIFT_VERSION = 3.0;
				TEST_HOST = "$(BUILT_PRODUCTS_DIR)/HuelCalculator.app/HuelCalculator";
			};
			name = Release;
		};
		BFE464851DFB3CDA00687A16 /* Debug */ = {
			isa = XCBuildConfiguration;
			buildSettings = {
				ALWAYS_SEARCH_USER_PATHS = NO;
				CLANG_ANALYZER_NONNULL = YES;
				CLANG_CXX_LANGUAGE_STANDARD = "gnu++0x";
				CLANG_CXX_LIBRARY = "libc++";
				CLANG_ENABLE_MODULES = YES;
				CLANG_ENABLE_OBJC_ARC = YES;
				CLANG_WARN_BOOL_CONVERSION = YES;
				CLANG_WARN_CONSTANT_CONVERSION = YES;
				CLANG_WARN_DIRECT_OBJC_ISA_USAGE = YES_ERROR;
				CLANG_WARN_DOCUMENTATION_COMMENTS = YES;
				CLANG_WARN_EMPTY_BODY = YES;
				CLANG_WARN_ENUM_CONVERSION = YES;
				CLANG_WARN_INFINITE_RECURSION = YES;
				CLANG_WARN_INT_CONVERSION = YES;
				CLANG_WARN_OBJC_ROOT_CLASS = YES_ERROR;
				CLANG_WARN_SUSPICIOUS_MOVES = YES;
				CLANG_WARN_UNREACHABLE_CODE = YES;
				CLANG_WARN__DUPLICATE_METHOD_MATCH = YES;
				"CODE_SIGN_IDENTITY[sdk=iphoneos*]" = "iPhone Developer";
				COPY_PHASE_STRIP = NO;
				DEBUG_INFORMATION_FORMAT = dwarf;
				ENABLE_STRICT_OBJC_MSGSEND = YES;
				ENABLE_TESTABILITY = YES;
				GCC_C_LANGUAGE_STANDARD = gnu99;
				GCC_DYNAMIC_NO_PIC = NO;
				GCC_NO_COMMON_BLOCKS = YES;
				GCC_OPTIMIZATION_LEVEL = 0;
				GCC_PREPROCESSOR_DEFINITIONS = (
					"DEBUG=1",
					"$(inherited)",
				);
				GCC_WARN_64_TO_32_BIT_CONVERSION = YES;
				GCC_WARN_ABOUT_RETURN_TYPE = YES_ERROR;
				GCC_WARN_UNDECLARED_SELECTOR = YES;
				GCC_WARN_UNINITIALIZED_AUTOS = YES_AGGRESSIVE;
				GCC_WARN_UNUSED_FUNCTION = YES;
				GCC_WARN_UNUSED_VARIABLE = YES;
				IPHONEOS_DEPLOYMENT_TARGET = 10.1;
				MTL_ENABLE_DEBUG_INFO = YES;
				ONLY_ACTIVE_ARCH = YES;
				SDKROOT = iphoneos;
				SWIFT_ACTIVE_COMPILATION_CONDITIONS = DEBUG;
				SWIFT_OPTIMIZATION_LEVEL = "-Onone";
				TARGETED_DEVICE_FAMILY = "1,2";
			};
			name = Debug;
		};
		BFE464861DFB3CDA00687A16 /* Release */ = {
			isa = XCBuildConfiguration;
			buildSettings = {
				ALWAYS_SEARCH_USER_PATHS = NO;
				CLANG_ANALYZER_NONNULL = YES;
				CLANG_CXX_LANGUAGE_STANDARD = "gnu++0x";
				CLANG_CXX_LIBRARY = "libc++";
				CLANG_ENABLE_MODULES = YES;
				CLANG_ENABLE_OBJC_ARC = YES;
				CLANG_WARN_BOOL_CONVERSION = YES;
				CLANG_WARN_CONSTANT_CONVERSION = YES;
				CLANG_WARN_DIRECT_OBJC_ISA_USAGE = YES_ERROR;
				CLANG_WARN_DOCUMENTATION_COMMENTS = YES;
				CLANG_WARN_EMPTY_BODY = YES;
				CLANG_WARN_ENUM_CONVERSION = YES;
				CLANG_WARN_INFINITE_RECURSION = YES;
				CLANG_WARN_INT_CONVERSION = YES;
				CLANG_WARN_OBJC_ROOT_CLASS = YES_ERROR;
				CLANG_WARN_SUSPICIOUS_MOVES = YES;
				CLANG_WARN_UNREACHABLE_CODE = YES;
				CLANG_WARN__DUPLICATE_METHOD_MATCH = YES;
				"CODE_SIGN_IDENTITY[sdk=iphoneos*]" = "iPhone Developer";
				COPY_PHASE_STRIP = NO;
				DEBUG_INFORMATION_FORMAT = "dwarf-with-dsym";
				ENABLE_NS_ASSERTIONS = NO;
				ENABLE_STRICT_OBJC_MSGSEND = YES;
				GCC_C_LANGUAGE_STANDARD = gnu99;
				GCC_NO_COMMON_BLOCKS = YES;
				GCC_WARN_64_TO_32_BIT_CONVERSION = YES;
				GCC_WARN_ABOUT_RETURN_TYPE = YES_ERROR;
				GCC_WARN_UNDECLARED_SELECTOR = YES;
				GCC_WARN_UNINITIALIZED_AUTOS = YES_AGGRESSIVE;
				GCC_WARN_UNUSED_FUNCTION = YES;
				GCC_WARN_UNUSED_VARIABLE = YES;
				IPHONEOS_DEPLOYMENT_TARGET = 10.1;
				MTL_ENABLE_DEBUG_INFO = NO;
				SDKROOT = iphoneos;
				SWIFT_OPTIMIZATION_LEVEL = "-Owholemodule";
				TARGETED_DEVICE_FAMILY = "1,2";
				VALIDATE_PRODUCT = YES;
			};
			name = Release;
		};
		BFE464881DFB3CDA00687A16 /* Debug */ = {
			isa = XCBuildConfiguration;
			buildSettings = {
				ASSETCATALOG_COMPILER_APPICON_NAME = AppIcon;
				DEVELOPMENT_TEAM = Y97Q299W29;
				INFOPLIST_FILE = HuelCalculator/Info.plist;
				LD_RUNPATH_SEARCH_PATHS = "$(inherited) @executable_path/Frameworks";
				PRODUCT_BUNDLE_IDENTIFIER = com.lindaccnordstrom.HuelCalculator;
				PRODUCT_NAME = "$(TARGET_NAME)";
				SWIFT_VERSION = 3.0;
			};
			name = Debug;
		};
		BFE464891DFB3CDA00687A16 /* Release */ = {
			isa = XCBuildConfiguration;
			buildSettings = {
				ASSETCATALOG_COMPILER_APPICON_NAME = AppIcon;
				DEVELOPMENT_TEAM = Y97Q299W29;
				INFOPLIST_FILE = HuelCalculator/Info.plist;
				LD_RUNPATH_SEARCH_PATHS = "$(inherited) @executable_path/Frameworks";
				PRODUCT_BUNDLE_IDENTIFIER = com.lindaccnordstrom.HuelCalculator;
				PRODUCT_NAME = "$(TARGET_NAME)";
				SWIFT_VERSION = 3.0;
			};
			name = Release;
		};
		BFE4648B1DFB3CDA00687A16 /* Debug */ = {
			isa = XCBuildConfiguration;
			buildSettings = {
				ALWAYS_EMBED_SWIFT_STANDARD_LIBRARIES = YES;
				DEVELOPMENT_TEAM = Y97Q299W29;
				INFOPLIST_FILE = HuelCalculatorUITests/Info.plist;
				LD_RUNPATH_SEARCH_PATHS = "$(inherited) @executable_path/Frameworks @loader_path/Frameworks";
				PRODUCT_BUNDLE_IDENTIFIER = com.lindaccnordstrom.HuelCalculatorUITests;
				PRODUCT_NAME = "$(TARGET_NAME)";
				SWIFT_VERSION = 3.0;
				TEST_TARGET_NAME = HuelCalculator;
			};
			name = Debug;
		};
		BFE4648C1DFB3CDA00687A16 /* Release */ = {
			isa = XCBuildConfiguration;
			buildSettings = {
				ALWAYS_EMBED_SWIFT_STANDARD_LIBRARIES = YES;
				DEVELOPMENT_TEAM = Y97Q299W29;
				INFOPLIST_FILE = HuelCalculatorUITests/Info.plist;
				LD_RUNPATH_SEARCH_PATHS = "$(inherited) @executable_path/Frameworks @loader_path/Frameworks";
				PRODUCT_BUNDLE_IDENTIFIER = com.lindaccnordstrom.HuelCalculatorUITests;
				PRODUCT_NAME = "$(TARGET_NAME)";
				SWIFT_VERSION = 3.0;
				TEST_TARGET_NAME = HuelCalculator;
			};
			name = Release;
		};
/* End XCBuildConfiguration section */

/* Begin XCConfigurationList section */
		BFC3CFD81DFB8D5C001E2F6F /* Build configuration list for PBXNativeTarget "HuelCalculatorTests" */ = {
			isa = XCConfigurationList;
			buildConfigurations = (
				BFC3CFD91DFB8D5C001E2F6F /* Debug */,
				BFC3CFDA1DFB8D5C001E2F6F /* Release */,
			);
			defaultConfigurationIsVisible = 0;
			defaultConfigurationName = Release;
		};
		BFE464651DFB3CD900687A16 /* Build configuration list for PBXProject "HuelCalculator" */ = {
			isa = XCConfigurationList;
			buildConfigurations = (
				BFE464851DFB3CDA00687A16 /* Debug */,
				BFE464861DFB3CDA00687A16 /* Release */,
			);
			defaultConfigurationIsVisible = 0;
			defaultConfigurationName = Release;
		};
		BFE464871DFB3CDA00687A16 /* Build configuration list for PBXNativeTarget "HuelCalculator" */ = {
			isa = XCConfigurationList;
			buildConfigurations = (
				BFE464881DFB3CDA00687A16 /* Debug */,
				BFE464891DFB3CDA00687A16 /* Release */,
			);
			defaultConfigurationIsVisible = 0;
			defaultConfigurationName = Release;
		};
		BFE4648A1DFB3CDA00687A16 /* Build configuration list for PBXNativeTarget "HuelCalculatorUITests" */ = {
			isa = XCConfigurationList;
			buildConfigurations = (
				BFE4648B1DFB3CDA00687A16 /* Debug */,
				BFE4648C1DFB3CDA00687A16 /* Release */,
			);
			defaultConfigurationIsVisible = 0;
			defaultConfigurationName = Release;
		};
/* End XCConfigurationList section */
	};
	rootObject = BFE464621DFB3CD900687A16 /* Project object */;
}
