// !$*UTF8*$!
{
	archiveVersion = 1;
	classes = {
	};
	objectVersion = 46;
	objects = {

/* Begin PBXBuildFile section */
		432B65912088BA790001643A /* MealCalculatorTests.swift in Sources */ = {isa = PBXBuildFile; fileRef = 432B65902088BA790001643A /* MealCalculatorTests.swift */; };
		432B65942088BCFC0001643A /* UserTests.swift in Sources */ = {isa = PBXBuildFile; fileRef = 432B65932088BCFC0001643A /* UserTests.swift */; };
		439BB27B207BBA5C00E7F50D /* CalorieDistribution.swift in Sources */ = {isa = PBXBuildFile; fileRef = 439BB27A207BBA5C00E7F50D /* CalorieDistribution.swift */; };
		439BB27D207BBB0B00E7F50D /* MealReplacementProduct.swift in Sources */ = {isa = PBXBuildFile; fileRef = 439BB27C207BBB0B00E7F50D /* MealReplacementProduct.swift */; };
		439BB280207BC29B00E7F50D /* UserManager.swift in Sources */ = {isa = PBXBuildFile; fileRef = 439BB27F207BC29B00E7F50D /* UserManager.swift */; };
		439BB284207BC2C400E7F50D /* MealCalculator.swift in Sources */ = {isa = PBXBuildFile; fileRef = 439BB283207BC2C400E7F50D /* MealCalculator.swift */; };
		43A9F47920879E4100C5492E /* UserManagerTests.swift in Sources */ = {isa = PBXBuildFile; fileRef = 43A9F47820879E4100C5492E /* UserManagerTests.swift */; };
		43B6E9AB2085FD950050361E /* AppFeedbackViewController.swift in Sources */ = {isa = PBXBuildFile; fileRef = 43B6E9AA2085FD950050361E /* AppFeedbackViewController.swift */; };
		43B6E9AD2085FDA40050361E /* AppFeedbackPresenter.swift in Sources */ = {isa = PBXBuildFile; fileRef = 43B6E9AC2085FDA40050361E /* AppFeedbackPresenter.swift */; };
		43B6E9AF2086081F0050361E /* UrlManager.swift in Sources */ = {isa = PBXBuildFile; fileRef = 43B6E9AE2086081F0050361E /* UrlManager.swift */; };
		43B6E9B2208613840050361E /* Constants.swift in Sources */ = {isa = PBXBuildFile; fileRef = 43B6E9B1208613840050361E /* Constants.swift */; };
		43C8AFC82084A88300772D3F /* LandingPageViewController.swift in Sources */ = {isa = PBXBuildFile; fileRef = 43C8AFC72084A88300772D3F /* LandingPageViewController.swift */; };
		43C8AFCA2084A89200772D3F /* LandingPagePresenter.swift in Sources */ = {isa = PBXBuildFile; fileRef = 43C8AFC92084A89200772D3F /* LandingPagePresenter.swift */; };
		43C8AFCC2084C32F00772D3F /* LandingPageItemCell.swift in Sources */ = {isa = PBXBuildFile; fileRef = 43C8AFCB2084C32F00772D3F /* LandingPageItemCell.swift */; };
		43D51928207FAD2000EDF397 /* DataStore.swift in Sources */ = {isa = PBXBuildFile; fileRef = 43D51927207FAD2000EDF397 /* DataStore.swift */; };
		43D81B132086412200C5E6D3 /* UIDeviceExtension.swift in Sources */ = {isa = PBXBuildFile; fileRef = 43D81B122086412200C5E6D3 /* UIDeviceExtension.swift */; };
		43D81B152086457A00C5E6D3 /* UrlHandler.swift in Sources */ = {isa = PBXBuildFile; fileRef = 43D81B142086457A00C5E6D3 /* UrlHandler.swift */; };
		43D81B172086458600C5E6D3 /* DeviceInfo.swift in Sources */ = {isa = PBXBuildFile; fileRef = 43D81B162086458600C5E6D3 /* DeviceInfo.swift */; };
		43D81B1A20865CB900C5E6D3 /* Mocks.swift in Sources */ = {isa = PBXBuildFile; fileRef = 43D81B1920865CB900C5E6D3 /* Mocks.swift */; };
		43D81B1E20865D3D00C5E6D3 /* LandingPagePresenterTests.swift in Sources */ = {isa = PBXBuildFile; fileRef = 43D81B1D20865D3D00C5E6D3 /* LandingPagePresenterTests.swift */; };
		43D81B2020865DC100C5E6D3 /* AppFeedbackPresenterTests.swift in Sources */ = {isa = PBXBuildFile; fileRef = 43D81B1F20865DC100C5E6D3 /* AppFeedbackPresenterTests.swift */; };
		BF2096B71DFF58EF006EF21E /* MealPlanPresenterTest.swift in Sources */ = {isa = PBXBuildFile; fileRef = BF2096B51DFF58EF006EF21E /* MealPlanPresenterTest.swift */; };
		BF2096BA1DFF5A96006EF21E /* User.swift in Sources */ = {isa = PBXBuildFile; fileRef = BF2096B91DFF5A96006EF21E /* User.swift */; };
		BF2096BC1DFF653F006EF21E /* PersonalDetailsPresenter.swift in Sources */ = {isa = PBXBuildFile; fileRef = BF2096BB1DFF653F006EF21E /* PersonalDetailsPresenter.swift */; };
		BF2096BE1DFF65B4006EF21E /* CalorieDistributionPresenter.swift in Sources */ = {isa = PBXBuildFile; fileRef = BF2096BD1DFF65B4006EF21E /* CalorieDistributionPresenter.swift */; };
		BF2096C01DFF663D006EF21E /* PersonalDetailsPresenterTests.swift in Sources */ = {isa = PBXBuildFile; fileRef = BF2096BF1DFF663D006EF21E /* PersonalDetailsPresenterTests.swift */; };
		BF2096C21DFF66A3006EF21E /* CalorieDistributionPresenterTests.swift in Sources */ = {isa = PBXBuildFile; fileRef = BF2096C11DFF66A3006EF21E /* CalorieDistributionPresenterTests.swift */; };
		BF23FD9C1DFB80C9004A2C26 /* CalorieDistributionViewController.swift in Sources */ = {isa = PBXBuildFile; fileRef = BF23FD971DFB80C9004A2C26 /* CalorieDistributionViewController.swift */; };
		BF23FD9D1DFB80C9004A2C26 /* MealPlanViewController.swift in Sources */ = {isa = PBXBuildFile; fileRef = BF23FD991DFB80C9004A2C26 /* MealPlanViewController.swift */; };
		BF23FD9E1DFB80C9004A2C26 /* PersonalDetailsViewController.swift in Sources */ = {isa = PBXBuildFile; fileRef = BF23FD9B1DFB80C9004A2C26 /* PersonalDetailsViewController.swift */; };
		BF23FDA01DFB80EF004A2C26 /* MealPlanPresenter.swift in Sources */ = {isa = PBXBuildFile; fileRef = BF23FD9F1DFB80EF004A2C26 /* MealPlanPresenter.swift */; };
		BF4517BF1E093B4C00D682D5 /* PickerViewController.swift in Sources */ = {isa = PBXBuildFile; fileRef = BF4517BD1E093B4B00D682D5 /* PickerViewController.swift */; };
		BF4517C01E093B4C00D682D5 /* PickerViewController.xib in Resources */ = {isa = PBXBuildFile; fileRef = BF4517BE1E093B4C00D682D5 /* PickerViewController.xib */; };
		BFE4646E1DFB3CDA00687A16 /* AppDelegate.swift in Sources */ = {isa = PBXBuildFile; fileRef = BFE4646D1DFB3CDA00687A16 /* AppDelegate.swift */; };
		BFE464731DFB3CDA00687A16 /* Main.storyboard in Resources */ = {isa = PBXBuildFile; fileRef = BFE464711DFB3CDA00687A16 /* Main.storyboard */; };
		BFE464751DFB3CDA00687A16 /* Assets.xcassets in Resources */ = {isa = PBXBuildFile; fileRef = BFE464741DFB3CDA00687A16 /* Assets.xcassets */; };
		BFE464781DFB3CDA00687A16 /* LaunchScreen.storyboard in Resources */ = {isa = PBXBuildFile; fileRef = BFE464761DFB3CDA00687A16 /* LaunchScreen.storyboard */; };
/* End PBXBuildFile section */

/* Begin PBXContainerItemProxy section */
		BFC3CFD61DFB8D5C001E2F6F /* PBXContainerItemProxy */ = {
			isa = PBXContainerItemProxy;
			containerPortal = BFE464621DFB3CD900687A16 /* Project object */;
			proxyType = 1;
			remoteGlobalIDString = BFE464691DFB3CD900687A16;
			remoteInfo = HuelCalculator;
		};
/* End PBXContainerItemProxy section */

/* Begin PBXFileReference section */
		432B65902088BA790001643A /* MealCalculatorTests.swift */ = {isa = PBXFileReference; lastKnownFileType = sourcecode.swift; path = MealCalculatorTests.swift; sourceTree = "<group>"; };
		432B65932088BCFC0001643A /* UserTests.swift */ = {isa = PBXFileReference; lastKnownFileType = sourcecode.swift; path = UserTests.swift; sourceTree = "<group>"; };
		439BB27A207BBA5C00E7F50D /* CalorieDistribution.swift */ = {isa = PBXFileReference; lastKnownFileType = sourcecode.swift; path = CalorieDistribution.swift; sourceTree = "<group>"; };
		439BB27C207BBB0B00E7F50D /* MealReplacementProduct.swift */ = {isa = PBXFileReference; lastKnownFileType = sourcecode.swift; path = MealReplacementProduct.swift; sourceTree = "<group>"; };
		439BB27F207BC29B00E7F50D /* UserManager.swift */ = {isa = PBXFileReference; lastKnownFileType = sourcecode.swift; path = UserManager.swift; sourceTree = "<group>"; };
		439BB283207BC2C400E7F50D /* MealCalculator.swift */ = {isa = PBXFileReference; lastKnownFileType = sourcecode.swift; path = MealCalculator.swift; sourceTree = "<group>"; };
		43A9F47820879E4100C5492E /* UserManagerTests.swift */ = {isa = PBXFileReference; lastKnownFileType = sourcecode.swift; path = UserManagerTests.swift; sourceTree = "<group>"; };
		43B6E9AA2085FD950050361E /* AppFeedbackViewController.swift */ = {isa = PBXFileReference; lastKnownFileType = sourcecode.swift; path = AppFeedbackViewController.swift; sourceTree = "<group>"; };
		43B6E9AC2085FDA40050361E /* AppFeedbackPresenter.swift */ = {isa = PBXFileReference; lastKnownFileType = sourcecode.swift; path = AppFeedbackPresenter.swift; sourceTree = "<group>"; };
		43B6E9AE2086081F0050361E /* UrlManager.swift */ = {isa = PBXFileReference; lastKnownFileType = sourcecode.swift; path = UrlManager.swift; sourceTree = "<group>"; };
		43B6E9B1208613840050361E /* Constants.swift */ = {isa = PBXFileReference; lastKnownFileType = sourcecode.swift; path = Constants.swift; sourceTree = "<group>"; };
		43C8AFC72084A88300772D3F /* LandingPageViewController.swift */ = {isa = PBXFileReference; lastKnownFileType = sourcecode.swift; path = LandingPageViewController.swift; sourceTree = "<group>"; };
		43C8AFC92084A89200772D3F /* LandingPagePresenter.swift */ = {isa = PBXFileReference; lastKnownFileType = sourcecode.swift; path = LandingPagePresenter.swift; sourceTree = "<group>"; };
		43C8AFCB2084C32F00772D3F /* LandingPageItemCell.swift */ = {isa = PBXFileReference; lastKnownFileType = sourcecode.swift; path = LandingPageItemCell.swift; sourceTree = "<group>"; };
		43D51927207FAD2000EDF397 /* DataStore.swift */ = {isa = PBXFileReference; lastKnownFileType = sourcecode.swift; path = DataStore.swift; sourceTree = "<group>"; };
		43D81B122086412200C5E6D3 /* UIDeviceExtension.swift */ = {isa = PBXFileReference; lastKnownFileType = sourcecode.swift; path = UIDeviceExtension.swift; sourceTree = "<group>"; };
		43D81B142086457A00C5E6D3 /* UrlHandler.swift */ = {isa = PBXFileReference; lastKnownFileType = sourcecode.swift; path = UrlHandler.swift; sourceTree = "<group>"; };
		43D81B162086458600C5E6D3 /* DeviceInfo.swift */ = {isa = PBXFileReference; lastKnownFileType = sourcecode.swift; path = DeviceInfo.swift; sourceTree = "<group>"; };
		43D81B1920865CB900C5E6D3 /* Mocks.swift */ = {isa = PBXFileReference; lastKnownFileType = sourcecode.swift; path = Mocks.swift; sourceTree = "<group>"; };
		43D81B1D20865D3D00C5E6D3 /* LandingPagePresenterTests.swift */ = {isa = PBXFileReference; lastKnownFileType = sourcecode.swift; path = LandingPagePresenterTests.swift; sourceTree = "<group>"; };
		43D81B1F20865DC100C5E6D3 /* AppFeedbackPresenterTests.swift */ = {isa = PBXFileReference; lastKnownFileType = sourcecode.swift; path = AppFeedbackPresenterTests.swift; sourceTree = "<group>"; };
		BF2096B51DFF58EF006EF21E /* MealPlanPresenterTest.swift */ = {isa = PBXFileReference; fileEncoding = 4; lastKnownFileType = sourcecode.swift; path = MealPlanPresenterTest.swift; sourceTree = "<group>"; };
		BF2096B91DFF5A96006EF21E /* User.swift */ = {isa = PBXFileReference; fileEncoding = 4; lastKnownFileType = sourcecode.swift; path = User.swift; sourceTree = "<group>"; };
		BF2096BB1DFF653F006EF21E /* PersonalDetailsPresenter.swift */ = {isa = PBXFileReference; fileEncoding = 4; lastKnownFileType = sourcecode.swift; path = PersonalDetailsPresenter.swift; sourceTree = "<group>"; };
		BF2096BD1DFF65B4006EF21E /* CalorieDistributionPresenter.swift */ = {isa = PBXFileReference; fileEncoding = 4; lastKnownFileType = sourcecode.swift; path = CalorieDistributionPresenter.swift; sourceTree = "<group>"; };
		BF2096BF1DFF663D006EF21E /* PersonalDetailsPresenterTests.swift */ = {isa = PBXFileReference; fileEncoding = 4; lastKnownFileType = sourcecode.swift; path = PersonalDetailsPresenterTests.swift; sourceTree = "<group>"; };
		BF2096C11DFF66A3006EF21E /* CalorieDistributionPresenterTests.swift */ = {isa = PBXFileReference; fileEncoding = 4; lastKnownFileType = sourcecode.swift; path = CalorieDistributionPresenterTests.swift; sourceTree = "<group>"; };
		BF23FD971DFB80C9004A2C26 /* CalorieDistributionViewController.swift */ = {isa = PBXFileReference; fileEncoding = 4; lastKnownFileType = sourcecode.swift; path = CalorieDistributionViewController.swift; sourceTree = "<group>"; };
		BF23FD991DFB80C9004A2C26 /* MealPlanViewController.swift */ = {isa = PBXFileReference; fileEncoding = 4; lastKnownFileType = sourcecode.swift; path = MealPlanViewController.swift; sourceTree = "<group>"; };
		BF23FD9B1DFB80C9004A2C26 /* PersonalDetailsViewController.swift */ = {isa = PBXFileReference; fileEncoding = 4; lastKnownFileType = sourcecode.swift; path = PersonalDetailsViewController.swift; sourceTree = "<group>"; };
		BF23FD9F1DFB80EF004A2C26 /* MealPlanPresenter.swift */ = {isa = PBXFileReference; fileEncoding = 4; lastKnownFileType = sourcecode.swift; path = MealPlanPresenter.swift; sourceTree = "<group>"; };
		BF4517BD1E093B4B00D682D5 /* PickerViewController.swift */ = {isa = PBXFileReference; fileEncoding = 4; lastKnownFileType = sourcecode.swift; path = PickerViewController.swift; sourceTree = "<group>"; };
		BF4517BE1E093B4C00D682D5 /* PickerViewController.xib */ = {isa = PBXFileReference; fileEncoding = 4; lastKnownFileType = file.xib; path = PickerViewController.xib; sourceTree = "<group>"; };
		BFC3CFD11DFB8D5C001E2F6F /* HuelCalculatorTests.xctest */ = {isa = PBXFileReference; explicitFileType = wrapper.cfbundle; includeInIndex = 0; path = HuelCalculatorTests.xctest; sourceTree = BUILT_PRODUCTS_DIR; };
		BFC3CFD51DFB8D5C001E2F6F /* Info.plist */ = {isa = PBXFileReference; lastKnownFileType = text.plist.xml; path = Info.plist; sourceTree = "<group>"; };
		BFE4646A1DFB3CDA00687A16 /* HuelCalculator.app */ = {isa = PBXFileReference; explicitFileType = wrapper.application; includeInIndex = 0; path = HuelCalculator.app; sourceTree = BUILT_PRODUCTS_DIR; };
		BFE4646D1DFB3CDA00687A16 /* AppDelegate.swift */ = {isa = PBXFileReference; lastKnownFileType = sourcecode.swift; path = AppDelegate.swift; sourceTree = "<group>"; };
		BFE464721DFB3CDA00687A16 /* Base */ = {isa = PBXFileReference; lastKnownFileType = file.storyboard; name = Base; path = Base.lproj/Main.storyboard; sourceTree = "<group>"; };
		BFE464741DFB3CDA00687A16 /* Assets.xcassets */ = {isa = PBXFileReference; lastKnownFileType = folder.assetcatalog; path = Assets.xcassets; sourceTree = "<group>"; };
		BFE464771DFB3CDA00687A16 /* Base */ = {isa = PBXFileReference; lastKnownFileType = file.storyboard; name = Base; path = Base.lproj/LaunchScreen.storyboard; sourceTree = "<group>"; };
		BFE464791DFB3CDA00687A16 /* Info.plist */ = {isa = PBXFileReference; lastKnownFileType = text.plist.xml; path = Info.plist; sourceTree = "<group>"; };
/* End PBXFileReference section */

/* Begin PBXFrameworksBuildPhase section */
		BFC3CFCE1DFB8D5C001E2F6F /* Frameworks */ = {
			isa = PBXFrameworksBuildPhase;
			buildActionMask = 2147483647;
			files = (
			);
			runOnlyForDeploymentPostprocessing = 0;
		};
		BFE464671DFB3CD900687A16 /* Frameworks */ = {
			isa = PBXFrameworksBuildPhase;
			buildActionMask = 2147483647;
			files = (
			);
			runOnlyForDeploymentPostprocessing = 0;
		};
/* End PBXFrameworksBuildPhase section */

/* Begin PBXGroup section */
		432B65922088BCD80001643A /* DataObjects */ = {
			isa = PBXGroup;
			children = (
				432B65932088BCFC0001643A /* UserTests.swift */,
			);
			path = DataObjects;
			sourceTree = "<group>";
		};
		439BB27E207BC28700E7F50D /* Model */ = {
			isa = PBXGroup;
			children = (
				439BB27F207BC29B00E7F50D /* UserManager.swift */,
				439BB283207BC2C400E7F50D /* MealCalculator.swift */,
				43B6E9AE2086081F0050361E /* UrlManager.swift */,
			);
			path = Model;
			sourceTree = "<group>";
		};
		43A9F47520879C8400C5492E /* Model */ = {
			isa = PBXGroup;
			children = (
				43A9F47820879E4100C5492E /* UserManagerTests.swift */,
				432B65902088BA790001643A /* MealCalculatorTests.swift */,
			);
			path = Model;
			sourceTree = "<group>";
		};
		43B6E9A92085FD690050361E /* AppFeedbackPage */ = {
			isa = PBXGroup;
			children = (
				43B6E9AA2085FD950050361E /* AppFeedbackViewController.swift */,
				43B6E9AC2085FDA40050361E /* AppFeedbackPresenter.swift */,
			);
			path = AppFeedbackPage;
			sourceTree = "<group>";
		};
		43B6E9B02086134F0050361E /* Constants */ = {
			isa = PBXGroup;
			children = (
				43B6E9B1208613840050361E /* Constants.swift */,
			);
			path = Constants;
			sourceTree = "<group>";
		};
		43C8AFC62084A85200772D3F /* LandingPage */ = {
			isa = PBXGroup;
			children = (
				43C8AFC72084A88300772D3F /* LandingPageViewController.swift */,
				43C8AFC92084A89200772D3F /* LandingPagePresenter.swift */,
				43C8AFCB2084C32F00772D3F /* LandingPageItemCell.swift */,
			);
			path = LandingPage;
			sourceTree = "<group>";
		};
		43D51926207FAD1300EDF397 /* Protocols */ = {
			isa = PBXGroup;
			children = (
				43D51927207FAD2000EDF397 /* DataStore.swift */,
				43D81B142086457A00C5E6D3 /* UrlHandler.swift */,
				43D81B162086458600C5E6D3 /* DeviceInfo.swift */,
			);
			path = Protocols;
			sourceTree = "<group>";
		};
		43D81B112086410C00C5E6D3 /* Extensions */ = {
			isa = PBXGroup;
			children = (
				43D81B122086412200C5E6D3 /* UIDeviceExtension.swift */,
			);
			path = Extensions;
			sourceTree = "<group>";
		};
		43D81B1820865CAD00C5E6D3 /* Mocks */ = {
			isa = PBXGroup;
			children = (
				43D81B1920865CB900C5E6D3 /* Mocks.swift */,
			);
			path = Mocks;
			sourceTree = "<group>";
		};
		43D81B1B20865CF300C5E6D3 /* LandingPage */ = {
			isa = PBXGroup;
			children = (
				43D81B1D20865D3D00C5E6D3 /* LandingPagePresenterTests.swift */,
			);
			path = LandingPage;
			sourceTree = "<group>";
		};
		43D81B1C20865CFA00C5E6D3 /* AppFeedback */ = {
			isa = PBXGroup;
			children = (
				43D81B1F20865DC100C5E6D3 /* AppFeedbackPresenterTests.swift */,
			);
			path = AppFeedback;
			sourceTree = "<group>";
		};
		7D9E4DB3214D5AFE00980BB5 /* Shared */ = {
			isa = PBXGroup;
			children = (
				BF4517BD1E093B4B00D682D5 /* PickerViewController.swift */,
				BF4517BE1E093B4C00D682D5 /* PickerViewController.xib */,
			);
			path = Shared;
			sourceTree = "<group>";
		};
		BF2096B21DFF58EF006EF21E /* UI */ = {
			isa = PBXGroup;
			children = (
				43D81B1B20865CF300C5E6D3 /* LandingPage */,
				43D81B1C20865CFA00C5E6D3 /* AppFeedback */,
				BF2096B61DFF58EF006EF21E /* PersonalDetails */,
				BF2096B31DFF58EF006EF21E /* CalorieDistribution */,
				BF2096B41DFF58EF006EF21E /* MealPlan */,
			);
			path = UI;
			sourceTree = "<group>";
		};
		BF2096B31DFF58EF006EF21E /* CalorieDistribution */ = {
			isa = PBXGroup;
			children = (
				BF2096C11DFF66A3006EF21E /* CalorieDistributionPresenterTests.swift */,
			);
			path = CalorieDistribution;
			sourceTree = "<group>";
		};
		BF2096B41DFF58EF006EF21E /* MealPlan */ = {
			isa = PBXGroup;
			children = (
				BF2096B51DFF58EF006EF21E /* MealPlanPresenterTest.swift */,
			);
			path = MealPlan;
			sourceTree = "<group>";
		};
		BF2096B61DFF58EF006EF21E /* PersonalDetails */ = {
			isa = PBXGroup;
			children = (
				BF2096BF1DFF663D006EF21E /* PersonalDetailsPresenterTests.swift */,
			);
			path = PersonalDetails;
			sourceTree = "<group>";
		};
		BF2096B81DFF5A7C006EF21E /* DataObjects */ = {
			isa = PBXGroup;
			children = (
				43D51926207FAD1300EDF397 /* Protocols */,
				BF2096B91DFF5A96006EF21E /* User.swift */,
				439BB27A207BBA5C00E7F50D /* CalorieDistribution.swift */,
				439BB27C207BBB0B00E7F50D /* MealReplacementProduct.swift */,
			);
			path = DataObjects;
			sourceTree = "<group>";
		};
		BF23FD8D1DFB75D0004A2C26 /* UI */ = {
			isa = PBXGroup;
			children = (
				43C8AFC62084A85200772D3F /* LandingPage */,
				43B6E9A92085FD690050361E /* AppFeedbackPage */,
				BF23FD9A1DFB80C9004A2C26 /* PersonalDetail */,
				BF23FD961DFB80C9004A2C26 /* CalorieDistribution */,
				BF23FD981DFB80C9004A2C26 /* MealPlan */,
				7D9E4DB3214D5AFE00980BB5 /* Shared */,
			);
			path = UI;
			sourceTree = "<group>";
		};
		BF23FD961DFB80C9004A2C26 /* CalorieDistribution */ = {
			isa = PBXGroup;
			children = (
				BF23FD971DFB80C9004A2C26 /* CalorieDistributionViewController.swift */,
				BF2096BD1DFF65B4006EF21E /* CalorieDistributionPresenter.swift */,
			);
			path = CalorieDistribution;
			sourceTree = "<group>";
		};
		BF23FD981DFB80C9004A2C26 /* MealPlan */ = {
			isa = PBXGroup;
			children = (
				BF23FD991DFB80C9004A2C26 /* MealPlanViewController.swift */,
				BF23FD9F1DFB80EF004A2C26 /* MealPlanPresenter.swift */,
			);
			path = MealPlan;
			sourceTree = "<group>";
		};
		BF23FD9A1DFB80C9004A2C26 /* PersonalDetail */ = {
			isa = PBXGroup;
			children = (
				BF23FD9B1DFB80C9004A2C26 /* PersonalDetailsViewController.swift */,
				BF2096BB1DFF653F006EF21E /* PersonalDetailsPresenter.swift */,
			);
			path = PersonalDetail;
			sourceTree = "<group>";
		};
		BFC3CFD21DFB8D5C001E2F6F /* HuelCalculatorTests */ = {
			isa = PBXGroup;
			children = (
				43D81B1820865CAD00C5E6D3 /* Mocks */,
				43A9F47520879C8400C5492E /* Model */,
				BF2096B21DFF58EF006EF21E /* UI */,
				432B65922088BCD80001643A /* DataObjects */,
				BFC3CFD51DFB8D5C001E2F6F /* Info.plist */,
			);
			path = HuelCalculatorTests;
			sourceTree = "<group>";
		};
		BFE464611DFB3CD900687A16 = {
			isa = PBXGroup;
			children = (
				BFE4646C1DFB3CDA00687A16 /* HuelCalculator */,
				BFC3CFD21DFB8D5C001E2F6F /* HuelCalculatorTests */,
				BFE4646B1DFB3CDA00687A16 /* Products */,
			);
			sourceTree = "<group>";
		};
		BFE4646B1DFB3CDA00687A16 /* Products */ = {
			isa = PBXGroup;
			children = (
				BFE4646A1DFB3CDA00687A16 /* HuelCalculator.app */,
				BFC3CFD11DFB8D5C001E2F6F /* HuelCalculatorTests.xctest */,
			);
			name = Products;
			sourceTree = "<group>";
		};
		BFE4646C1DFB3CDA00687A16 /* HuelCalculator */ = {
			isa = PBXGroup;
			children = (
				43D81B112086410C00C5E6D3 /* Extensions */,
				43B6E9B02086134F0050361E /* Constants */,
				439BB27E207BC28700E7F50D /* Model */,
				BF23FD8D1DFB75D0004A2C26 /* UI */,
				BF2096B81DFF5A7C006EF21E /* DataObjects */,
				BFE4646D1DFB3CDA00687A16 /* AppDelegate.swift */,
				BFE464711DFB3CDA00687A16 /* Main.storyboard */,
				BFE464741DFB3CDA00687A16 /* Assets.xcassets */,
				BFE464761DFB3CDA00687A16 /* LaunchScreen.storyboard */,
				BFE464791DFB3CDA00687A16 /* Info.plist */,
			);
			path = HuelCalculator;
			sourceTree = "<group>";
		};
/* End PBXGroup section */

/* Begin PBXNativeTarget section */
		BFC3CFD01DFB8D5C001E2F6F /* HuelCalculatorTests */ = {
			isa = PBXNativeTarget;
			buildConfigurationList = BFC3CFD81DFB8D5C001E2F6F /* Build configuration list for PBXNativeTarget "HuelCalculatorTests" */;
			buildPhases = (
				BFC3CFCD1DFB8D5C001E2F6F /* Sources */,
				BFC3CFCE1DFB8D5C001E2F6F /* Frameworks */,
				BFC3CFCF1DFB8D5C001E2F6F /* Resources */,
			);
			buildRules = (
			);
			dependencies = (
				BFC3CFD71DFB8D5C001E2F6F /* PBXTargetDependency */,
			);
			name = HuelCalculatorTests;
			productName = HuelCalculatorTests;
			productReference = BFC3CFD11DFB8D5C001E2F6F /* HuelCalculatorTests.xctest */;
			productType = "com.apple.product-type.bundle.unit-test";
		};
		BFE464691DFB3CD900687A16 /* HuelCalculator */ = {
			isa = PBXNativeTarget;
			buildConfigurationList = BFE464871DFB3CDA00687A16 /* Build configuration list for PBXNativeTarget "HuelCalculator" */;
			buildPhases = (
				BFE464661DFB3CD900687A16 /* Sources */,
				BFE464671DFB3CD900687A16 /* Frameworks */,
				BFE464681DFB3CD900687A16 /* Resources */,
			);
			buildRules = (
			);
			dependencies = (
			);
			name = HuelCalculator;
			productName = HuelCalculator;
			productReference = BFE4646A1DFB3CDA00687A16 /* HuelCalculator.app */;
			productType = "com.apple.product-type.application";
		};
/* End PBXNativeTarget section */

/* Begin PBXProject section */
		BFE464621DFB3CD900687A16 /* Project object */ = {
			isa = PBXProject;
			attributes = {
				LastSwiftUpdateCheck = 0810;
				LastUpgradeCheck = 0920;
				ORGANIZATIONNAME = "Linda CC Nordstrom";
				TargetAttributes = {
					BFC3CFD01DFB8D5C001E2F6F = {
						CreatedOnToolsVersion = 8.1;
						DevelopmentTeam = Y97Q299W29;
						LastSwiftMigration = 0920;
						ProvisioningStyle = Automatic;
						TestTargetID = BFE464691DFB3CD900687A16;
					};
					BFE464691DFB3CD900687A16 = {
						CreatedOnToolsVersion = 8.1;
						DevelopmentTeam = Y39538G73S;
						LastSwiftMigration = 0920;
						ProvisioningStyle = Automatic;
					};
				};
			};
			buildConfigurationList = BFE464651DFB3CD900687A16 /* Build configuration list for PBXProject "HuelCalculator" */;
			compatibilityVersion = "Xcode 3.2";
			developmentRegion = English;
			hasScannedForEncodings = 0;
			knownRegions = (
				en,
				Base,
			);
			mainGroup = BFE464611DFB3CD900687A16;
			productRefGroup = BFE4646B1DFB3CDA00687A16 /* Products */;
			projectDirPath = "";
			projectRoot = "";
			targets = (
				BFE464691DFB3CD900687A16 /* HuelCalculator */,
				BFC3CFD01DFB8D5C001E2F6F /* HuelCalculatorTests */,
			);
		};
/* End PBXProject section */

/* Begin PBXResourcesBuildPhase section */
		BFC3CFCF1DFB8D5C001E2F6F /* Resources */ = {
			isa = PBXResourcesBuildPhase;
			buildActionMask = 2147483647;
			files = (
			);
			runOnlyForDeploymentPostprocessing = 0;
		};
		BFE464681DFB3CD900687A16 /* Resources */ = {
			isa = PBXResourcesBuildPhase;
			buildActionMask = 2147483647;
			files = (
				BFE464781DFB3CDA00687A16 /* LaunchScreen.storyboard in Resources */,
				BFE464751DFB3CDA00687A16 /* Assets.xcassets in Resources */,
				BF4517C01E093B4C00D682D5 /* PickerViewController.xib in Resources */,
				BFE464731DFB3CDA00687A16 /* Main.storyboard in Resources */,
			);
			runOnlyForDeploymentPostprocessing = 0;
		};
/* End PBXResourcesBuildPhase section */

/* Begin PBXSourcesBuildPhase section */
		BFC3CFCD1DFB8D5C001E2F6F /* Sources */ = {
			isa = PBXSourcesBuildPhase;
			buildActionMask = 2147483647;
			files = (
				432B65912088BA790001643A /* MealCalculatorTests.swift in Sources */,
				BF2096C21DFF66A3006EF21E /* CalorieDistributionPresenterTests.swift in Sources */,
				BF2096B71DFF58EF006EF21E /* MealPlanPresenterTest.swift in Sources */,
				43D81B1E20865D3D00C5E6D3 /* LandingPagePresenterTests.swift in Sources */,
				43A9F47920879E4100C5492E /* UserManagerTests.swift in Sources */,
				BF2096C01DFF663D006EF21E /* PersonalDetailsPresenterTests.swift in Sources */,
				432B65942088BCFC0001643A /* UserTests.swift in Sources */,
				43D81B1A20865CB900C5E6D3 /* Mocks.swift in Sources */,
				43D81B2020865DC100C5E6D3 /* AppFeedbackPresenterTests.swift in Sources */,
			);
			runOnlyForDeploymentPostprocessing = 0;
		};
		BFE464661DFB3CD900687A16 /* Sources */ = {
			isa = PBXSourcesBuildPhase;
			buildActionMask = 2147483647;
			files = (
				43C8AFCC2084C32F00772D3F /* LandingPageItemCell.swift in Sources */,
				43B6E9AB2085FD950050361E /* AppFeedbackViewController.swift in Sources */,
				439BB27D207BBB0B00E7F50D /* MealReplacementProduct.swift in Sources */,
				43C8AFC82084A88300772D3F /* LandingPageViewController.swift in Sources */,
				BF4517BF1E093B4C00D682D5 /* PickerViewController.swift in Sources */,
				43D81B152086457A00C5E6D3 /* UrlHandler.swift in Sources */,
				BF23FD9C1DFB80C9004A2C26 /* CalorieDistributionViewController.swift in Sources */,
				43D81B172086458600C5E6D3 /* DeviceInfo.swift in Sources */,
				BF23FD9D1DFB80C9004A2C26 /* MealPlanViewController.swift in Sources */,
				BF2096BE1DFF65B4006EF21E /* CalorieDistributionPresenter.swift in Sources */,
				43B6E9AF2086081F0050361E /* UrlManager.swift in Sources */,
				BF2096BC1DFF653F006EF21E /* PersonalDetailsPresenter.swift in Sources */,
				43C8AFCA2084A89200772D3F /* LandingPagePresenter.swift in Sources */,
				43B6E9B2208613840050361E /* Constants.swift in Sources */,
				439BB280207BC29B00E7F50D /* UserManager.swift in Sources */,
				439BB27B207BBA5C00E7F50D /* CalorieDistribution.swift in Sources */,
				BF2096BA1DFF5A96006EF21E /* User.swift in Sources */,
				43B6E9AD2085FDA40050361E /* AppFeedbackPresenter.swift in Sources */,
				BFE4646E1DFB3CDA00687A16 /* AppDelegate.swift in Sources */,
				43D81B132086412200C5E6D3 /* UIDeviceExtension.swift in Sources */,
				BF23FDA01DFB80EF004A2C26 /* MealPlanPresenter.swift in Sources */,
				439BB284207BC2C400E7F50D /* MealCalculator.swift in Sources */,
				43D51928207FAD2000EDF397 /* DataStore.swift in Sources */,
				BF23FD9E1DFB80C9004A2C26 /* PersonalDetailsViewController.swift in Sources */,
			);
			runOnlyForDeploymentPostprocessing = 0;
		};
/* End PBXSourcesBuildPhase section */

/* Begin PBXTargetDependency section */
		BFC3CFD71DFB8D5C001E2F6F /* PBXTargetDependency */ = {
			isa = PBXTargetDependency;
			target = BFE464691DFB3CD900687A16 /* HuelCalculator */;
			targetProxy = BFC3CFD61DFB8D5C001E2F6F /* PBXContainerItemProxy */;
		};
/* End PBXTargetDependency section */

/* Begin PBXVariantGroup section */
		BFE464711DFB3CDA00687A16 /* Main.storyboard */ = {
			isa = PBXVariantGroup;
			children = (
				BFE464721DFB3CDA00687A16 /* Base */,
			);
			name = Main.storyboard;
			sourceTree = "<group>";
		};
		BFE464761DFB3CDA00687A16 /* LaunchScreen.storyboard */ = {
			isa = PBXVariantGroup;
			children = (
				BFE464771DFB3CDA00687A16 /* Base */,
			);
			name = LaunchScreen.storyboard;
			sourceTree = "<group>";
		};
/* End PBXVariantGroup section */

/* Begin XCBuildConfiguration section */
		BFC3CFD91DFB8D5C001E2F6F /* Debug */ = {
			isa = XCBuildConfiguration;
			buildSettings = {
				BUNDLE_LOADER = "$(TEST_HOST)";
				CLANG_ENABLE_MODULES = YES;
				DEVELOPMENT_TEAM = Y97Q299W29;
				INFOPLIST_FILE = HuelCalculatorTests/Info.plist;
				LD_RUNPATH_SEARCH_PATHS = "$(inherited) @executable_path/Frameworks @loader_path/Frameworks";
				PRODUCT_BUNDLE_IDENTIFIER = com.lindaccnordstrom.HuelCalculatorTests;
				PRODUCT_NAME = "$(TARGET_NAME)";
				SWIFT_OPTIMIZATION_LEVEL = "-Onone";
				SWIFT_SWIFT3_OBJC_INFERENCE = On;
				SWIFT_VERSION = 4.0;
				TEST_HOST = "$(BUILT_PRODUCTS_DIR)/HuelCalculator.app/HuelCalculator";
			};
			name = Debug;
		};
		BFC3CFDA1DFB8D5C001E2F6F /* Release */ = {
			isa = XCBuildConfiguration;
			buildSettings = {
				BUNDLE_LOADER = "$(TEST_HOST)";
				CLANG_ENABLE_MODULES = YES;
				DEVELOPMENT_TEAM = Y97Q299W29;
				INFOPLIST_FILE = HuelCalculatorTests/Info.plist;
				LD_RUNPATH_SEARCH_PATHS = "$(inherited) @executable_path/Frameworks @loader_path/Frameworks";
				PRODUCT_BUNDLE_IDENTIFIER = com.lindaccnordstrom.HuelCalculatorTests;
				PRODUCT_NAME = "$(TARGET_NAME)";
				SWIFT_SWIFT3_OBJC_INFERENCE = On;
				SWIFT_VERSION = 4.0;
				TEST_HOST = "$(BUILT_PRODUCTS_DIR)/HuelCalculator.app/HuelCalculator";
			};
			name = Release;
		};
		BFE464851DFB3CDA00687A16 /* Debug */ = {
			isa = XCBuildConfiguration;
			buildSettings = {
				ALWAYS_SEARCH_USER_PATHS = NO;
				CLANG_ANALYZER_NONNULL = YES;
				CLANG_CXX_LANGUAGE_STANDARD = "gnu++0x";
				CLANG_CXX_LIBRARY = "libc++";
				CLANG_ENABLE_MODULES = YES;
				CLANG_ENABLE_OBJC_ARC = YES;
				CLANG_WARN_BLOCK_CAPTURE_AUTORELEASING = YES;
				CLANG_WARN_BOOL_CONVERSION = YES;
				CLANG_WARN_COMMA = YES;
				CLANG_WARN_CONSTANT_CONVERSION = YES;
				CLANG_WARN_DIRECT_OBJC_ISA_USAGE = YES_ERROR;
				CLANG_WARN_DOCUMENTATION_COMMENTS = YES;
				CLANG_WARN_EMPTY_BODY = YES;
				CLANG_WARN_ENUM_CONVERSION = YES;
				CLANG_WARN_INFINITE_RECURSION = YES;
				CLANG_WARN_INT_CONVERSION = YES;
				CLANG_WARN_NON_LITERAL_NULL_CONVERSION = YES;
				CLANG_WARN_OBJC_LITERAL_CONVERSION = YES;
				CLANG_WARN_OBJC_ROOT_CLASS = YES_ERROR;
				CLANG_WARN_RANGE_LOOP_ANALYSIS = YES;
				CLANG_WARN_STRICT_PROTOTYPES = YES;
				CLANG_WARN_SUSPICIOUS_MOVE = YES;
				CLANG_WARN_SUSPICIOUS_MOVES = YES;
				CLANG_WARN_UNREACHABLE_CODE = YES;
				CLANG_WARN__DUPLICATE_METHOD_MATCH = YES;
				"CODE_SIGN_IDENTITY[sdk=iphoneos*]" = "iPhone Developer";
				COPY_PHASE_STRIP = NO;
				DEBUG_INFORMATION_FORMAT = dwarf;
				ENABLE_STRICT_OBJC_MSGSEND = YES;
				ENABLE_TESTABILITY = YES;
				GCC_C_LANGUAGE_STANDARD = gnu99;
				GCC_DYNAMIC_NO_PIC = NO;
				GCC_NO_COMMON_BLOCKS = YES;
				GCC_OPTIMIZATION_LEVEL = 0;
				GCC_PREPROCESSOR_DEFINITIONS = (
					"DEBUG=1",
					"$(inherited)",
				);
				GCC_WARN_64_TO_32_BIT_CONVERSION = YES;
				GCC_WARN_ABOUT_RETURN_TYPE = YES_ERROR;
				GCC_WARN_UNDECLARED_SELECTOR = YES;
				GCC_WARN_UNINITIALIZED_AUTOS = YES_AGGRESSIVE;
				GCC_WARN_UNUSED_FUNCTION = YES;
				GCC_WARN_UNUSED_VARIABLE = YES;
				IPHONEOS_DEPLOYMENT_TARGET = 10.1;
				MTL_ENABLE_DEBUG_INFO = YES;
				ONLY_ACTIVE_ARCH = YES;
				SDKROOT = iphoneos;
				SWIFT_ACTIVE_COMPILATION_CONDITIONS = DEBUG;
				SWIFT_OPTIMIZATION_LEVEL = "-Onone";
				TARGETED_DEVICE_FAMILY = "1,2";
			};
			name = Debug;
		};
		BFE464861DFB3CDA00687A16 /* Release */ = {
			isa = XCBuildConfiguration;
			buildSettings = {
				ALWAYS_SEARCH_USER_PATHS = NO;
				CLANG_ANALYZER_NONNULL = YES;
				CLANG_CXX_LANGUAGE_STANDARD = "gnu++0x";
				CLANG_CXX_LIBRARY = "libc++";
				CLANG_ENABLE_MODULES = YES;
				CLANG_ENABLE_OBJC_ARC = YES;
				CLANG_WARN_BLOCK_CAPTURE_AUTORELEASING = YES;
				CLANG_WARN_BOOL_CONVERSION = YES;
				CLANG_WARN_COMMA = YES;
				CLANG_WARN_CONSTANT_CONVERSION = YES;
				CLANG_WARN_DIRECT_OBJC_ISA_USAGE = YES_ERROR;
				CLANG_WARN_DOCUMENTATION_COMMENTS = YES;
				CLANG_WARN_EMPTY_BODY = YES;
				CLANG_WARN_ENUM_CONVERSION = YES;
				CLANG_WARN_INFINITE_RECURSION = YES;
				CLANG_WARN_INT_CONVERSION = YES;
				CLANG_WARN_NON_LITERAL_NULL_CONVERSION = YES;
				CLANG_WARN_OBJC_LITERAL_CONVERSION = YES;
				CLANG_WARN_OBJC_ROOT_CLASS = YES_ERROR;
				CLANG_WARN_RANGE_LOOP_ANALYSIS = YES;
				CLANG_WARN_STRICT_PROTOTYPES = YES;
				CLANG_WARN_SUSPICIOUS_MOVE = YES;
				CLANG_WARN_SUSPICIOUS_MOVES = YES;
				CLANG_WARN_UNREACHABLE_CODE = YES;
				CLANG_WARN__DUPLICATE_METHOD_MATCH = YES;
				"CODE_SIGN_IDENTITY[sdk=iphoneos*]" = "iPhone Developer";
				COPY_PHASE_STRIP = NO;
				DEBUG_INFORMATION_FORMAT = "dwarf-with-dsym";
				ENABLE_NS_ASSERTIONS = NO;
				ENABLE_STRICT_OBJC_MSGSEND = YES;
				GCC_C_LANGUAGE_STANDARD = gnu99;
				GCC_NO_COMMON_BLOCKS = YES;
				GCC_WARN_64_TO_32_BIT_CONVERSION = YES;
				GCC_WARN_ABOUT_RETURN_TYPE = YES_ERROR;
				GCC_WARN_UNDECLARED_SELECTOR = YES;
				GCC_WARN_UNINITIALIZED_AUTOS = YES_AGGRESSIVE;
				GCC_WARN_UNUSED_FUNCTION = YES;
				GCC_WARN_UNUSED_VARIABLE = YES;
				IPHONEOS_DEPLOYMENT_TARGET = 10.1;
				MTL_ENABLE_DEBUG_INFO = NO;
				SDKROOT = iphoneos;
				SWIFT_OPTIMIZATION_LEVEL = "-Owholemodule";
				TARGETED_DEVICE_FAMILY = "1,2";
				VALIDATE_PRODUCT = YES;
			};
			name = Release;
		};
		BFE464881DFB3CDA00687A16 /* Debug */ = {
			isa = XCBuildConfiguration;
			buildSettings = {
				ASSETCATALOG_COMPILER_APPICON_NAME = AppIcon;
				DEVELOPMENT_TEAM = Y39538G73S;
				INFOPLIST_FILE = HuelCalculator/Info.plist;
				IPHONEOS_DEPLOYMENT_TARGET = 8.0;
				LD_RUNPATH_SEARCH_PATHS = "$(inherited) @executable_path/Frameworks";
				PRODUCT_BUNDLE_IDENTIFIER = se.lindaccnordstrom.HuelCalculator;
				PRODUCT_NAME = "$(TARGET_NAME)";
				SWIFT_SWIFT3_OBJC_INFERENCE = On;
				SWIFT_VERSION = 4.0;
			};
			name = Debug;
		};
		BFE464891DFB3CDA00687A16 /* Release */ = {
			isa = XCBuildConfiguration;
			buildSettings = {
				ASSETCATALOG_COMPILER_APPICON_NAME = AppIcon;
				DEVELOPMENT_TEAM = Y39538G73S;
				INFOPLIST_FILE = HuelCalculator/Info.plist;
				IPHONEOS_DEPLOYMENT_TARGET = 8.0;
				LD_RUNPATH_SEARCH_PATHS = "$(inherited) @executable_path/Frameworks";
				PRODUCT_BUNDLE_IDENTIFIER = se.lindaccnordstrom.HuelCalculator;
				PRODUCT_NAME = "$(TARGET_NAME)";
				SWIFT_SWIFT3_OBJC_INFERENCE = On;
				SWIFT_VERSION = 4.0;
			};
			name = Release;
		};
/* End XCBuildConfiguration section */

/* Begin XCConfigurationList section */
		BFC3CFD81DFB8D5C001E2F6F /* Build configuration list for PBXNativeTarget "HuelCalculatorTests" */ = {
			isa = XCConfigurationList;
			buildConfigurations = (
				BFC3CFD91DFB8D5C001E2F6F /* Debug */,
				BFC3CFDA1DFB8D5C001E2F6F /* Release */,
			);
			defaultConfigurationIsVisible = 0;
			defaultConfigurationName = Release;
		};
		BFE464651DFB3CD900687A16 /* Build configuration list for PBXProject "HuelCalculator" */ = {
			isa = XCConfigurationList;
			buildConfigurations = (
				BFE464851DFB3CDA00687A16 /* Debug */,
				BFE464861DFB3CDA00687A16 /* Release */,
			);
			defaultConfigurationIsVisible = 0;
			defaultConfigurationName = Release;
		};
		BFE464871DFB3CDA00687A16 /* Build configuration list for PBXNativeTarget "HuelCalculator" */ = {
			isa = XCConfigurationList;
			buildConfigurations = (
				BFE464881DFB3CDA00687A16 /* Debug */,
				BFE464891DFB3CDA00687A16 /* Release */,
			);
			defaultConfigurationIsVisible = 0;
			defaultConfigurationName = Release;
		};
/* End XCConfigurationList section */
	};
	rootObject = BFE464621DFB3CD900687A16 /* Project object */;
}
